
Microsoft Visual Studio Solution File, Format Version 12.00
# Visual Studio 15
VisualStudioVersion = 15.0.27428.2037
MinimumVisualStudioVersion = 10.0.40219.1
Project("{FAE04EC0-301F-11D3-BF4B-00C04F79EFBC}") = "SportsStore.Domain", "SportsStore.Domain\SportsStore.Domain.csproj", "{0DC0D0A6-BCF2-410D-8863-117B815446B2}"
EndProject
Project("{FAE04EC0-301F-11D3-BF4B-00C04F79EFBC}") = "SportsStore.WebUI", "SportsStore.WebUI\SportsStore.WebUI.csproj", "{8B902821-7297-4D28-982C-C2D6DACF71C9}"
EndProject
Project("{FAE04EC0-301F-11D3-BF4B-00C04F79EFBC}") = "SportsStore.UnitTests", "SportsStore.UnitTests\SportsStore.UnitTests.csproj", "{1AC297BA-F452-43E7-A55C-6686F2F978A4}"
EndProject
Global
	GlobalSection(SolutionConfigurationPlatforms) = preSolution
		Debug|Any CPU = Debug|Any CPU
		Release|Any CPU = Release|Any CPU
	EndGlobalSection
	GlobalSection(ProjectConfigurationPlatforms) = postSolution
		{0DC0D0A6-BCF2-410D-8863-117B815446B2}.Debug|Any CPU.ActiveCfg = Debug|Any CPU
		{0DC0D0A6-BCF2-410D-8863-117B815446B2}.Debug|Any CPU.Build.0 = Debug|Any CPU
		{0DC0D0A6-BCF2-410D-8863-117B815446B2}.Release|Any CPU.ActiveCfg = Release|Any CPU
		{0DC0D0A6-BCF2-410D-8863-117B815446B2}.Release|Any CPU.Build.0 = Release|Any CPU
		{8B902821-7297-4D28-982C-C2D6DACF71C9}.Debug|Any CPU.ActiveCfg = Debug|Any CPU
		{8B902821-7297-4D28-982C-C2D6DACF71C9}.Debug|Any CPU.Build.0 = Debug|Any CPU
		{8B902821-7297-4D28-982C-C2D6DACF71C9}.Release|Any CPU.ActiveCfg = Release|Any CPU
		{8B902821-7297-4D28-982C-C2D6DACF71C9}.Release|Any CPU.Build.0 = Release|Any CPU
		{1AC297BA-F452-43E7-A55C-6686F2F978A4}.Debug|Any CPU.ActiveCfg = Debug|Any CPU
		{1AC297BA-F452-43E7-A55C-6686F2F978A4}.Debug|Any CPU.Build.0 = Debug|Any CPU
		{1AC297BA-F452-43E7-A55C-6686F2F978A4}.Release|Any CPU.ActiveCfg = Release|Any CPU
		{1AC297BA-F452-43E7-A55C-6686F2F978A4}.Release|Any CPU.Build.0 = Release|Any CPU
	EndGlobalSection
	GlobalSection(SolutionProperties) = preSolution
		HideSolutionNode = FALSE
	EndGlobalSection
	GlobalSection(ExtensibilityGlobals) = postSolution
		SolutionGuid = {70CB95A2-A743-4E7D-ADAB-A3A9CF72FB07}
	EndGlobalSection
EndGlobal
